
Microsoft Visual Studio Solution File, Format Version 12.00
# Visual Studio Version 17
VisualStudioVersion = 17.5.33502.453
MinimumVisualStudioVersion = 10.0.40219.1
Project("{FAE04EC0-301F-11D3-BF4B-00C04F79EFBC}") = "p1OkulSistemi", "p1OkulSistemi\p1OkulSistemi.csproj", "{736A3C5C-615B-4CDC-8D6B-51F83CE43EED}"
EndProject
Global
	GlobalSection(SolutionConfigurationPlatforms) = preSolution
		Debug|Any CPU = Debug|Any CPU
		Release|Any CPU = Release|Any CPU
	EndGlobalSection
	GlobalSection(ProjectConfigurationPlatforms) = postSolution
		{736A3C5C-615B-4CDC-8D6B-51F83CE43EED}.Debug|Any CPU.ActiveCfg = Debug|Any CPU
		{736A3C5C-615B-4CDC-8D6B-51F83CE43EED}.Debug|Any CPU.Build.0 = Debug|Any CPU
		{736A3C5C-615B-4CDC-8D6B-51F83CE43EED}.Release|Any CPU.ActiveCfg = Release|Any CPU
		{736A3C5C-615B-4CDC-8D6B-51F83CE43EED}.Release|Any CPU.Build.0 = Release|Any CPU
	EndGlobalSection
	GlobalSection(SolutionProperties) = preSolution
		HideSolutionNode = FALSE
	EndGlobalSection
	GlobalSection(ExtensibilityGlobals) = postSolution
		SolutionGuid = {41E385B2-DEA6-4200-AEDA-53A5DC2FEEC2}
	EndGlobalSection
EndGlobal
